PODS:
  - Alamofire (5.4.1)
  - SDWebImage (5.10.2):
    - SDWebImage/Core (= 5.10.2)
  - SDWebImage/Core (5.10.2)
  - Toast-Swift (5.0.1)

DEPENDENCIES:
  - Alamofire
  - SDWebImage
  - Toast-Swift

SPEC REPOS:
  trunk:
    - Alamofire
    - SDWebImage
    - Toast-Swift

SPEC CHECKSUMS:
  Alamofire: 2291f7d21ca607c491dd17642e5d40fdcda0e65c
  SDWebImage: b969dcfc02c40a5da71eac0b03b8f1a0c794a86f
  Toast-Swift: 9b6a70f28b3bf0b96c40d46c0c4b9d6639846711

PODFILE CHECKSUM: 726ac37d2dfe615a2dd26e46394b41f11cc970aa

COCOAPODS: 1.9.3
